// !$*UTF8*$!
{
	archiveVersion = 1;
	classes = {
	};
	objectVersion = 50;
	objects = {

/* Begin PBXBuildFile section */
		FC981D2324DD4594005F249D /* AppDelegate.swift in Sources */ = {isa = PBXBuildFile; fileRef = FC981D2224DD4594005F249D /* AppDelegate.swift */; };
		FC981D2524DD4594005F249D /* SceneDelegate.swift in Sources */ = {isa = PBXBuildFile; fileRef = FC981D2424DD4594005F249D /* SceneDelegate.swift */; };
		FC981D2724DD4594005F249D /* ViewController.swift in Sources */ = {isa = PBXBuildFile; fileRef = FC981D2624DD4594005F249D /* ViewController.swift */; };
		FC981D2A24DD4594005F249D /* Main.storyboard in Resources */ = {isa = PBXBuildFile; fileRef = FC981D2824DD4594005F249D /* Main.storyboard */; };
		FC981D2C24DD4595005F249D /* Assets.xcassets in Resources */ = {isa = PBXBuildFile; fileRef = FC981D2B24DD4595005F249D /* Assets.xcassets */; };
		FC981D2F24DD4595005F249D /* LaunchScreen.storyboard in Resources */ = {isa = PBXBuildFile; fileRef = FC981D2D24DD4595005F249D /* LaunchScreen.storyboard */; };
		FC981D4224DD47A1005F249D /* Model.swift in Sources */ = {isa = PBXBuildFile; fileRef = FC981D4124DD47A1005F249D /* Model.swift */; };
		FC981D4424DD4882005F249D /* ViewModel.swift in Sources */ = {isa = PBXBuildFile; fileRef = FC981D4324DD4882005F249D /* ViewModel.swift */; };
/* End PBXBuildFile section */

/* Begin PBXFileReference section */
		FC981D1F24DD4594005F249D /* MVVM-004.app */ = {isa = PBXFileReference; explicitFileType = wrapper.application; includeInIndex = 0; path = "MVVM-004.app"; sourceTree = BUILT_PRODUCTS_DIR; };
		FC981D2224DD4594005F249D /* AppDelegate.swift */ = {isa = PBXFileReference; lastKnownFileType = sourcecode.swift; path = AppDelegate.swift; sourceTree = "<group>"; };
		FC981D2424DD4594005F249D /* SceneDelegate.swift */ = {isa = PBXFileReference; lastKnownFileType = sourcecode.swift; path = SceneDelegate.swift; sourceTree = "<group>"; };
		FC981D2624DD4594005F249D /* ViewController.swift */ = {isa = PBXFileReference; lastKnownFileType = sourcecode.swift; path = ViewController.swift; sourceTree = "<group>"; };
		FC981D2924DD4594005F249D /* Base */ = {isa = PBXFileReference; lastKnownFileType = file.storyboard; name = Base; path = Base.lproj/Main.storyboard; sourceTree = "<group>"; };
		FC981D2B24DD4595005F249D /* Assets.xcassets */ = {isa = PBXFileReference; lastKnownFileType = folder.assetcatalog; path = Assets.xcassets; sourceTree = "<group>"; };
		FC981D2E24DD4595005F249D /* Base */ = {isa = PBXFileReference; lastKnownFileType = file.storyboard; name = Base; path = Base.lproj/LaunchScreen.storyboard; sourceTree = "<group>"; };
		FC981D3024DD4595005F249D /* Info.plist */ = {isa = PBXFileReference; lastKnownFileType = text.plist.xml; path = Info.plist; sourceTree = "<group>"; };
		FC981D4124DD47A1005F249D /* Model.swift */ = {isa = PBXFileReference; lastKnownFileType = sourcecode.swift; path = Model.swift; sourceTree = "<group>"; };
		FC981D4324DD4882005F249D /* ViewModel.swift */ = {isa = PBXFileReference; lastKnownFileType = sourcecode.swift; path = ViewModel.swift; sourceTree = "<group>"; };
/* End PBXFileReference section */

/* Begin PBXFrameworksBuildPhase section */
		FC981D1C24DD4594005F249D /* Frameworks */ = {
			isa = PBXFrameworksBuildPhase;
			buildActionMask = 2147483647;
			files = (
			);
			runOnlyForDeploymentPostprocessing = 0;
		};
/* End PBXFrameworksBuildPhase section */

/* Begin PBXGroup section */
		FC981D1624DD4594005F249D = {
			isa = PBXGroup;
			children = (
				FC981D2124DD4594005F249D /* MVVM-004 */,
				FC981D2024DD4594005F249D /* Products */,
			);
			sourceTree = "<group>";
		};
		FC981D2024DD4594005F249D /* Products */ = {
			isa = PBXGroup;
			children = (
				FC981D1F24DD4594005F249D /* MVVM-004.app */,
			);
			name = Products;
			sourceTree = "<group>";
		};
		FC981D2124DD4594005F249D /* MVVM-004 */ = {
			isa = PBXGroup;
			children = (
				FC981D3624DD45E4005F249D /* Application */,
				FC981D3924DD45FC005F249D /* Presentation */,
				FC981D3824DD45F8005F249D /* Domain */,
				FC981D3724DD45F0005F249D /* Data */,
				FC981D2B24DD4595005F249D /* Assets.xcassets */,
				FC981D2D24DD4595005F249D /* LaunchScreen.storyboard */,
				FC981D3024DD4595005F249D /* Info.plist */,
			);
			path = "MVVM-004";
			sourceTree = "<group>";
		};
		FC981D3624DD45E4005F249D /* Application */ = {
			isa = PBXGroup;
			children = (
				FC981D2224DD4594005F249D /* AppDelegate.swift */,
				FC981D2424DD4594005F249D /* SceneDelegate.swift */,
			);
			path = Application;
			sourceTree = "<group>";
		};
		FC981D3724DD45F0005F249D /* Data */ = {
			isa = PBXGroup;
			children = (
				FC981D4024DD4683005F249D /* Repository */,
				FC981D3F24DD4658005F249D /* RestApi */,
				FC981D3E24DD4640005F249D /* CoreData */,
			);
			path = Data;
			sourceTree = "<group>";
		};
		FC981D3824DD45F8005F249D /* Domain */ = {
			isa = PBXGroup;
			children = (
				FC981D3D24DD461D005F249D /* Model */,
				FC981D3C24DD4616005F249D /* UseCase */,
			);
			path = Domain;
			sourceTree = "<group>";
		};
		FC981D3924DD45FC005F249D /* Presentation */ = {
			isa = PBXGroup;
			children = (
				FC981D3B24DD4611005F249D /* ViewModel */,
				FC981D3A24DD4609005F249D /* View */,
			);
			path = Presentation;
			sourceTree = "<group>";
		};
		FC981D3A24DD4609005F249D /* View */ = {
			isa = PBXGroup;
			children = (
				FC981D2824DD4594005F249D /* Main.storyboard */,
				FC981D2624DD4594005F249D /* ViewController.swift */,
			);
			path = View;
			sourceTree = "<group>";
		};
		FC981D3B24DD4611005F249D /* ViewModel */ = {
			isa = PBXGroup;
			children = (
				FC981D4324DD4882005F249D /* ViewModel.swift */,
			);
			path = ViewModel;
			sourceTree = "<group>";
		};
		FC981D3C24DD4616005F249D /* UseCase */ = {
			isa = PBXGroup;
			children = (
			);
			path = UseCase;
			sourceTree = "<group>";
		};
		FC981D3D24DD461D005F249D /* Model */ = {
			isa = PBXGroup;
			children = (
				FC981D4124DD47A1005F249D /* Model.swift */,
			);
			path = Model;
			sourceTree = "<group>";
		};
		FC981D3E24DD4640005F249D /* CoreData */ = {
			isa = PBXGroup;
			children = (
			);
			path = CoreData;
			sourceTree = "<group>";
		};
		FC981D3F24DD4658005F249D /* RestApi */ = {
			isa = PBXGroup;
			children = (
			);
			path = RestApi;
			sourceTree = "<group>";
		};
		FC981D4024DD4683005F249D /* Repository */ = {
			isa = PBXGroup;
			children = (
			);
			path = Repository;
			sourceTree = "<group>";
		};
/* End PBXGroup section */

/* Begin PBXNativeTarget section */
		FC981D1E24DD4594005F249D /* MVVM-004 */ = {
			isa = PBXNativeTarget;
			buildConfigurationList = FC981D3324DD4595005F249D /* Build configuration list for PBXNativeTarget "MVVM-004" */;
			buildPhases = (
				FC981D1B24DD4594005F249D /* Sources */,
				FC981D1C24DD4594005F249D /* Frameworks */,
				FC981D1D24DD4594005F249D /* Resources */,
			);
			buildRules = (
			);
			dependencies = (
			);
			name = "MVVM-004";
			productName = "MVVM-004";
			productReference = FC981D1F24DD4594005F249D /* MVVM-004.app */;
			productType = "com.apple.product-type.application";
		};
/* End PBXNativeTarget section */

/* Begin PBXProject section */
		FC981D1724DD4594005F249D /* Project object */ = {
			isa = PBXProject;
			attributes = {
				LastSwiftUpdateCheck = 1160;
				LastUpgradeCheck = 1160;
				ORGANIZATIONNAME = omrobbie;
				TargetAttributes = {
					FC981D1E24DD4594005F249D = {
						CreatedOnToolsVersion = 11.6;
					};
				};
			};
			buildConfigurationList = FC981D1A24DD4594005F249D /* Build configuration list for PBXProject "MVVM-004" */;
			compatibilityVersion = "Xcode 9.3";
			developmentRegion = en;
			hasScannedForEncodings = 0;
			knownRegions = (
				en,
				Base,
			);
			mainGroup = FC981D1624DD4594005F249D;
			productRefGroup = FC981D2024DD4594005F249D /* Products */;
			projectDirPath = "";
			projectRoot = "";
			targets = (
				FC981D1E24DD4594005F249D /* MVVM-004 */,
			);
		};
/* End PBXProject section */

/* Begin PBXResourcesBuildPhase section */
		FC981D1D24DD4594005F249D /* Resources */ = {
			isa = PBXResourcesBuildPhase;
			buildActionMask = 2147483647;
			files = (
				FC981D2F24DD4595005F249D /* LaunchScreen.storyboard in Resources */,
				FC981D2C24DD4595005F249D /* Assets.xcassets in Resources */,
				FC981D2A24DD4594005F249D /* Main.storyboard in Resources */,
			);
			runOnlyForDeploymentPostprocessing = 0;
		};
/* End PBXResourcesBuildPhase section */

/* Begin PBXSourcesBuildPhase section */
		FC981D1B24DD4594005F249D /* Sources */ = {
			isa = PBXSourcesBuildPhase;
			buildActionMask = 2147483647;
			files = (
				FC981D4424DD4882005F249D /* ViewModel.swift in Sources */,
				FC981D2724DD4594005F249D /* ViewController.swift in Sources */,
				FC981D2324DD4594005F249D /* AppDelegate.swift in Sources */,
				FC981D2524DD4594005F249D /* SceneDelegate.swift in Sources */,
				FC981D4224DD47A1005F249D /* Model.swift in Sources */,
			);
			runOnlyForDeploymentPostprocessing = 0;
		};
/* End PBXSourcesBuildPhase section */

/* Begin PBXVariantGroup section */
		FC981D2824DD4594005F249D /* Main.storyboard */ = {
			isa = PBXVariantGroup;
			children = (
				FC981D2924DD4594005F249D /* Base */,
			);
			name = Main.storyboard;
			sourceTree = "<group>";
		};
		FC981D2D24DD4595005F249D /* LaunchScreen.storyboard */ = {
			isa = PBXVariantGroup;
			children = (
				FC981D2E24DD4595005F249D /* Base */,
			);
			name = LaunchScreen.storyboard;
			sourceTree = "<group>";
		};
/* End PBXVariantGroup section */

/* Begin XCBuildConfiguration section */
		FC981D3124DD4595005F249D /* Debug */ = {
			isa = XCBuildConfiguration;
			buildSettings = {
				ALWAYS_SEARCH_USER_PATHS = NO;
				CLANG_ANALYZER_NONNULL = YES;
				CLANG_ANALYZER_NUMBER_OBJECT_CONVERSION = YES_AGGRESSIVE;
				CLANG_CXX_LANGUAGE_STANDARD = "gnu++14";
				CLANG_CXX_LIBRARY = "libc++";
				CLANG_ENABLE_MODULES = YES;
				CLANG_ENABLE_OBJC_ARC = YES;
				CLANG_ENABLE_OBJC_WEAK = YES;
				CLANG_WARN_BLOCK_CAPTURE_AUTORELEASING = YES;
				CLANG_WARN_BOOL_CONVERSION = YES;
				CLANG_WARN_COMMA = YES;
				CLANG_WARN_CONSTANT_CONVERSION = YES;
				CLANG_WARN_DEPRECATED_OBJC_IMPLEMENTATIONS = YES;
				CLANG_WARN_DIRECT_OBJC_ISA_USAGE = YES_ERROR;
				CLANG_WARN_DOCUMENTATION_COMMENTS = YES;
				CLANG_WARN_EMPTY_BODY = YES;
				CLANG_WARN_ENUM_CONVERSION = YES;
				CLANG_WARN_INFINITE_RECURSION = YES;
				CLANG_WARN_INT_CONVERSION = YES;
				CLANG_WARN_NON_LITERAL_NULL_CONVERSION = YES;
				CLANG_WARN_OBJC_IMPLICIT_RETAIN_SELF = YES;
				CLANG_WARN_OBJC_LITERAL_CONVERSION = YES;
				CLANG_WARN_OBJC_ROOT_CLASS = YES_ERROR;
				CLANG_WARN_RANGE_LOOP_ANALYSIS = YES;
				CLANG_WARN_STRICT_PROTOTYPES = YES;
				CLANG_WARN_SUSPICIOUS_MOVE = YES;
				CLANG_WARN_UNGUARDED_AVAILABILITY = YES_AGGRESSIVE;
				CLANG_WARN_UNREACHABLE_CODE = YES;
				CLANG_WARN__DUPLICATE_METHOD_MATCH = YES;
				COPY_PHASE_STRIP = NO;
				DEBUG_INFORMATION_FORMAT = dwarf;
				ENABLE_STRICT_OBJC_MSGSEND = YES;
				ENABLE_TESTABILITY = YES;
				GCC_C_LANGUAGE_STANDARD = gnu11;
				GCC_DYNAMIC_NO_PIC = NO;
				GCC_NO_COMMON_BLOCKS = YES;
				GCC_OPTIMIZATION_LEVEL = 0;
				GCC_PREPROCESSOR_DEFINITIONS = (
					"DEBUG=1",
					"$(inherited)",
				);
				GCC_WARN_64_TO_32_BIT_CONVERSION = YES;
				GCC_WARN_ABOUT_RETURN_TYPE = YES_ERROR;
				GCC_WARN_UNDECLARED_SELECTOR = YES;
				GCC_WARN_UNINITIALIZED_AUTOS = YES_AGGRESSIVE;
				GCC_WARN_UNUSED_FUNCTION = YES;
				GCC_WARN_UNUSED_VARIABLE = YES;
				IPHONEOS_DEPLOYMENT_TARGET = 13.6;
				MTL_ENABLE_DEBUG_INFO = INCLUDE_SOURCE;
				MTL_FAST_MATH = YES;
				ONLY_ACTIVE_ARCH = YES;
				SDKROOT = iphoneos;
				SWIFT_ACTIVE_COMPILATION_CONDITIONS = DEBUG;
				SWIFT_OPTIMIZATION_LEVEL = "-Onone";
			};
			name = Debug;
		};
		FC981D3224DD4595005F249D /* Release */ = {
			isa = XCBuildConfiguration;
			buildSettings = {
				ALWAYS_SEARCH_USER_PATHS = NO;
				CLANG_ANALYZER_NONNULL = YES;
				CLANG_ANALYZER_NUMBER_OBJECT_CONVERSION = YES_AGGRESSIVE;
				CLANG_CXX_LANGUAGE_STANDARD = "gnu++14";
				CLANG_CXX_LIBRARY = "libc++";
				CLANG_ENABLE_MODULES = YES;
				CLANG_ENABLE_OBJC_ARC = YES;
				CLANG_ENABLE_OBJC_WEAK = YES;
				CLANG_WARN_BLOCK_CAPTURE_AUTORELEASING = YES;
				CLANG_WARN_BOOL_CONVERSION = YES;
				CLANG_WARN_COMMA = YES;
				CLANG_WARN_CONSTANT_CONVERSION = YES;
				CLANG_WARN_DEPRECATED_OBJC_IMPLEMENTATIONS = YES;
				CLANG_WARN_DIRECT_OBJC_ISA_USAGE = YES_ERROR;
				CLANG_WARN_DOCUMENTATION_COMMENTS = YES;
				CLANG_WARN_EMPTY_BODY = YES;
				CLANG_WARN_ENUM_CONVERSION = YES;
				CLANG_WARN_INFINITE_RECURSION = YES;
				CLANG_WARN_INT_CONVERSION = YES;
				CLANG_WARN_NON_LITERAL_NULL_CONVERSION = YES;
				CLANG_WARN_OBJC_IMPLICIT_RETAIN_SELF = YES;
				CLANG_WARN_OBJC_LITERAL_CONVERSION = YES;
				CLANG_WARN_OBJC_ROOT_CLASS = YES_ERROR;
				CLANG_WARN_RANGE_LOOP_ANALYSIS = YES;
				CLANG_WARN_STRICT_PROTOTYPES = YES;
				CLANG_WARN_SUSPICIOUS_MOVE = YES;
				CLANG_WARN_UNGUARDED_AVAILABILITY = YES_AGGRESSIVE;
				CLANG_WARN_UNREACHABLE_CODE = YES;
				CLANG_WARN__DUPLICATE_METHOD_MATCH = YES;
				COPY_PHASE_STRIP = NO;
				DEBUG_INFORMATION_FORMAT = "dwarf-with-dsym";
				ENABLE_NS_ASSERTIONS = NO;
				ENABLE_STRICT_OBJC_MSGSEND = YES;
				GCC_C_LANGUAGE_STANDARD = gnu11;
				GCC_NO_COMMON_BLOCKS = YES;
				GCC_WARN_64_TO_32_BIT_CONVERSION = YES;
				GCC_WARN_ABOUT_RETURN_TYPE = YES_ERROR;
				GCC_WARN_UNDECLARED_SELECTOR = YES;
				GCC_WARN_UNINITIALIZED_AUTOS = YES_AGGRESSIVE;
				GCC_WARN_UNUSED_FUNCTION = YES;
				GCC_WARN_UNUSED_VARIABLE = YES;
				IPHONEOS_DEPLOYMENT_TARGET = 13.6;
				MTL_ENABLE_DEBUG_INFO = NO;
				MTL_FAST_MATH = YES;
				SDKROOT = iphoneos;
				SWIFT_COMPILATION_MODE = wholemodule;
				SWIFT_OPTIMIZATION_LEVEL = "-O";
				VALIDATE_PRODUCT = YES;
			};
			name = Release;
		};
		FC981D3424DD4595005F249D /* Debug */ = {
			isa = XCBuildConfiguration;
			buildSettings = {
				ASSETCATALOG_COMPILER_APPICON_NAME = AppIcon;
				CODE_SIGN_STYLE = Automatic;
				INFOPLIST_FILE = "MVVM-004/Info.plist";
				LD_RUNPATH_SEARCH_PATHS = (
					"$(inherited)",
					"@executable_path/Frameworks",
				);
				PRODUCT_BUNDLE_IDENTIFIER = "com.omrobbie.MVVM-004";
				PRODUCT_NAME = "$(TARGET_NAME)";
				SWIFT_VERSION = 5.0;
				TARGETED_DEVICE_FAMILY = 1;
			};
			name = Debug;
		};
		FC981D3524DD4595005F249D /* Release */ = {
			isa = XCBuildConfiguration;
			buildSettings = {
				ASSETCATALOG_COMPILER_APPICON_NAME = AppIcon;
				CODE_SIGN_STYLE = Automatic;
				INFOPLIST_FILE = "MVVM-004/Info.plist";
				LD_RUNPATH_SEARCH_PATHS = (
					"$(inherited)",
					"@executable_path/Frameworks",
				);
				PRODUCT_BUNDLE_IDENTIFIER = "com.omrobbie.MVVM-004";
				PRODUCT_NAME = "$(TARGET_NAME)";
				SWIFT_VERSION = 5.0;
				TARGETED_DEVICE_FAMILY = 1;
			};
			name = Release;
		};
/* End XCBuildConfiguration section */

/* Begin XCConfigurationList section */
		FC981D1A24DD4594005F249D /* Build configuration list for PBXProject "MVVM-004" */ = {
			isa = XCConfigurationList;
			buildConfigurations = (
				FC981D3124DD4595005F249D /* Debug */,
				FC981D3224DD4595005F249D /* Release */,
			);
			defaultConfigurationIsVisible = 0;
			defaultConfigurationName = Release;
		};
		FC981D3324DD4595005F249D /* Build configuration list for PBXNativeTarget "MVVM-004" */ = {
			isa = XCConfigurationList;
			buildConfigurations = (
				FC981D3424DD4595005F249D /* Debug */,
				FC981D3524DD4595005F249D /* Release */,
			);
			defaultConfigurationIsVisible = 0;
			defaultConfigurationName = Release;
		};
/* End XCConfigurationList section */
	};
	rootObject = FC981D1724DD4594005F249D /* Project object */;
}
